<?xml version="1.0" encoding="utf-8"?>
<Project ToolsVersion="4.0" xmlns="http://schemas.microsoft.com/developer/msbuild/2003">
  <ItemGroup>
    <ClCompile Include="src\Dll.cpp">
      <Filter>main</Filter>
    </ClCompile>
    <ClCompile Include="src\MegaBot.cpp">
      <Filter>main</Filter>
    </ClCompile>
    <ClCompile Include="src\data\Configuration.cpp">
      <Filter>data</Filter>
    </ClCompile>
    <ClCompile Include="src\data\MatchData.cpp">
      <Filter>data</Filter>
    </ClCompile>
    <ClCompile Include="src\utils\tinyxml2.cpp">
      <Filter>utils</Filter>
    </ClCompile>
    <ClCompile Include="src\data\GameStateInfo.cpp">
      <Filter>data</Filter>
    </ClCompile>
    <ClCompile Include="src\utils\Logging.cpp">
      <Filter>utils</Filter>
    </ClCompile>
    <ClCompile Include="src\utils\asprintf\asprintf.c">
      <Filter>utils\asprintf</Filter>
    </ClCompile>
    <ClCompile Include="src\utils\asprintf\test.c">
      <Filter>utils\asprintf</Filter>
    </ClCompile>
    <ClCompile Include="src\utils\asprintf\vasprintf-msvc.c">
      <Filter>utils\asprintf</Filter>
    </ClCompile>
    <ClCompile Include="src\evaluators\MilitaryEvaluator.cpp">
      <Filter>evaluators</Filter>
    </ClCompile>
    <ClCompile Include="src\managers\ExplorationManager.cpp">
      <Filter>managers</Filter>
    </ClCompile>
    <ClCompile Include="src\strategy\EpsilonGreedy.cpp">
      <Filter>strategy</Filter>
    </ClCompile>
    <ClCompile Include="src\strategy\Probabilistic.cpp">
      <Filter>strategy</Filter>
    </ClCompile>
    <ClCompile Include="src\strategy\RandomSwitch.cpp">
      <Filter>strategy</Filter>
    </ClCompile>
    <ClCompile Include="src\strategy\MetaStrategy.cpp">
      <Filter>strategy</Filter>
    </ClCompile>
    <ClCompile Include="src\gamedata\GameStateManager.cpp">
      <Filter>gamedata</Filter>
    </ClCompile>
    <ClCompile Include="src\gamedata\SpottedObject.cpp">
      <Filter>gamedata</Filter>
    </ClCompile>
    <ClCompile Include="src\gamedata\GameState.cpp">
      <Filter>gamedata</Filter>
    </ClCompile>
    <ClCompile Include="src\strategy\SingleChoice.cpp">
      <Filter>strategy</Filter>
    </ClCompile>
    <ClCompile Include="src\utils\FileCounter.cpp">
      <Filter>utils</Filter>
    </ClCompile>
    <ClCompile Include="src\strategy\MetaStrategyManager.cpp">
      <Filter>strategy</Filter>
    </ClCompile>
  </ItemGroup>
  <ItemGroup>
    <Filter Include="main">
      <UniqueIdentifier>{eeba81f7-7c43-4bc8-8307-34e1c9dffbb5}</UniqueIdentifier>
    </Filter>
    <Filter Include="data">
      <UniqueIdentifier>{9573924f-8c47-4122-a877-101136c9ef69}</UniqueIdentifier>
    </Filter>
    <Filter Include="utils">
      <UniqueIdentifier>{e4bf65a2-bf18-4ab5-b7fd-d340fd55e14f}</UniqueIdentifier>
    </Filter>
    <Filter Include="strategy">
      <UniqueIdentifier>{6e6fd1d4-7e84-4db7-b459-ced06372e597}</UniqueIdentifier>
    </Filter>
    <Filter Include="utils\asprintf">
      <UniqueIdentifier>{e97afd95-be5a-4501-91cf-38fe612f2766}</UniqueIdentifier>
    </Filter>
    <Filter Include="evaluators">
      <UniqueIdentifier>{15ab5b8c-4f8c-433d-b6f3-0adfb120c30e}</UniqueIdentifier>
    </Filter>
    <Filter Include="gamedata">
      <UniqueIdentifier>{4c1ee300-6114-4d92-986c-4b8ae7f5367f}</UniqueIdentifier>
    </Filter>
    <Filter Include="managers">
      <UniqueIdentifier>{b0a60027-ac65-4c40-94b8-9b98a139d117}</UniqueIdentifier>
    </Filter>
    <Filter Include="config">
      <UniqueIdentifier>{57d54a49-243d-4e99-a2a2-710821f0e25d}</UniqueIdentifier>
    </Filter>
  </ItemGroup>
  <ItemGroup>
    <ClInclude Include="src\MegaBot.h">
      <Filter>main</Filter>
    </ClInclude>
    <ClInclude Include="src\data\Configuration.h">
      <Filter>data</Filter>
    </ClInclude>
    <ClInclude Include="src\data\MatchData.h">
      <Filter>data</Filter>
    </ClInclude>
    <ClInclude Include="src\utils\tinyxml2.h">
      <Filter>utils</Filter>
    </ClInclude>
    <ClInclude Include="src\data\GameStateInfo.h">
      <Filter>data</Filter>
    </ClInclude>
    <ClInclude Include="src\utils\Logging.h">
      <Filter>utils</Filter>
    </ClInclude>
    <ClInclude Include="src\utils\asprintf\asprintf.h">
      <Filter>utils\asprintf</Filter>
    </ClInclude>
    <ClInclude Include="src\evaluators\MilitaryEvaluator.h">
      <Filter>evaluators</Filter>
    </ClInclude>
    <ClInclude Include="src\managers\ExplorationManager.h">
      <Filter>managers</Filter>
    </ClInclude>
    <ClInclude Include="src\strategy\EpsilonGreedy.h">
      <Filter>strategy</Filter>
    </ClInclude>
    <ClInclude Include="src\strategy\Probabilistic.h">
      <Filter>strategy</Filter>
    </ClInclude>
    <ClInclude Include="src\strategy\RandomSwitch.h">
      <Filter>strategy</Filter>
    </ClInclude>
    <ClInclude Include="src\strategy\MetaStrategy.h">
      <Filter>strategy</Filter>
    </ClInclude>
    <ClInclude Include="src\gamedata\GameState.h">
      <Filter>gamedata</Filter>
    </ClInclude>
    <ClInclude Include="src\gamedata\GameStateManager.h">
      <Filter>gamedata</Filter>
    </ClInclude>
    <ClInclude Include="src\gamedata\SpottedObject.h">
      <Filter>gamedata</Filter>
    </ClInclude>
    <ClInclude Include="src\strategy\SingleChoice.h">
      <Filter>strategy</Filter>
    </ClInclude>
    <ClInclude Include="src\utils\FileCounter.h">
      <Filter>utils</Filter>
    </ClInclude>
    <ClInclude Include="src\strategy\MetaStrategyManager.h">
      <Filter>strategy</Filter>
    </ClInclude>
  </ItemGroup>
  <ItemGroup>
    <None Include="config\megabot_config.xml">
      <Filter>config</Filter>
    </None>
    <None Include="config\megabot_protoss-nash.xml">
      <Filter>config</Filter>
    </None>
    <None Include="config\megabot_protoss-uniform.xml">
      <Filter>config</Filter>
    </None>
    <None Include="config\README.txt">
      <Filter>config</Filter>
    </None>
  </ItemGroup>
</Project>