<?xml version="1.0" encoding="utf-8"?>
<Project ToolsVersion="4.0" xmlns="http://schemas.microsoft.com/developer/msbuild/2003">
  <ItemGroup>
    <Filter Include="Source Files">
      <UniqueIdentifier>{4FC737F1-C7A5-4376-A066-2A32D752A2FF}</UniqueIdentifier>
      <Extensions>cpp;c;cc;cxx;def;odl;idl;hpj;bat;asm;asmx</Extensions>
    </Filter>
    <Filter Include="Header Files">
      <UniqueIdentifier>{93995380-89BD-4b04-88EB-625FBE52EBFB}</UniqueIdentifier>
      <Extensions>h;hpp;hxx;hm;inl;inc;xsd</Extensions>
    </Filter>
    <Filter Include="Resource Files">
      <UniqueIdentifier>{67DA6AB6-F800-4c08-8B7A-83BB121AAD01}</UniqueIdentifier>
      <Extensions>rc;ico;cur;bmp;dlg;rc2;rct;bin;rgs;gif;jpg;jpeg;jpe;resx;tiff;tif;png;wav</Extensions>
    </Filter>
  </ItemGroup>
  <ItemGroup>
    <ClCompile Include="..\Source\base\BuildingData.cpp">
      <Filter>Source Files</Filter>
    </ClCompile>
    <ClCompile Include="..\Source\base\BuildingManager.cpp">
      <Filter>Source Files</Filter>
    </ClCompile>
    <ClCompile Include="..\Source\base\BuildingPlacer.cpp">
      <Filter>Source Files</Filter>
    </ClCompile>
    <ClCompile Include="..\Source\base\BuildLearner.cpp">
      <Filter>Source Files</Filter>
    </ClCompile>
    <ClCompile Include="..\Source\base\BuildOrderGoalManager.cpp">
      <Filter>Source Files</Filter>
    </ClCompile>
    <ClCompile Include="..\Source\base\BuildOrderQueue.cpp">
      <Filter>Source Files</Filter>
    </ClCompile>
    <ClCompile Include="COAManager.cpp">
      <Filter>Source Files</Filter>
    </ClCompile>
    <ClCompile Include="..\Source\CombatCommander.cpp">
      <Filter>Source Files</Filter>
    </ClCompile>
    <ClCompile Include="..\Source\CombatSimulation.cpp">
      <Filter>Source Files</Filter>
    </ClCompile>
    <ClCompile Include="..\Source\Common.cpp">
      <Filter>Source Files</Filter>
    </ClCompile>
    <ClCompile Include="..\Source\micromanagement\DetectorManager.cpp">
      <Filter>Source Files</Filter>
    </ClCompile>
    <ClCompile Include="..\Source\Dll.cpp">
      <Filter>Source Files</Filter>
    </ClCompile>
    <ClCompile Include="..\Source\HardCodedInfo.cpp">
      <Filter>Source Files</Filter>
    </ClCompile>
    <ClCompile Include="..\Source\InformationManager.cpp">
      <Filter>Source Files</Filter>
    </ClCompile>
    <ClCompile Include="..\Source\IPBManager.cpp">
      <Filter>Source Files</Filter>
    </ClCompile>
    <ClCompile Include="..\Source\Logger.cpp">
      <Filter>Source Files</Filter>
    </ClCompile>
    <ClCompile Include="..\Source\MapGrid.cpp">
      <Filter>Source Files</Filter>
    </ClCompile>
    <ClCompile Include="..\Source\MapTools.cpp">
      <Filter>Source Files</Filter>
    </ClCompile>
    <ClCompile Include="..\Source\micromanagement\MeleeManager.cpp">
      <Filter>Source Files</Filter>
    </ClCompile>
    <ClCompile Include="..\Source\micromanagement\MicroManager.cpp">
      <Filter>Source Files</Filter>
    </ClCompile>
    <ClCompile Include="..\Source\MicroSearchManager.cpp">
      <Filter>Source Files</Filter>
    </ClCompile>
    <ClCompile Include="..\Source\micromanagement\MicroUtil.cpp">
      <Filter>Source Files</Filter>
    </ClCompile>
    <ClCompile Include="..\Source\NUSBotModule.cpp">
      <Filter>Source Files</Filter>
    </ClCompile>
    <ClCompile Include="..\Source\micromanagement\ObserverManager.cpp">
      <Filter>Source Files</Filter>
    </ClCompile>
    <ClCompile Include="..\Source\Options.cpp">
      <Filter>Source Files</Filter>
    </ClCompile>
    <ClCompile Include="..\Source\base\ProductionManager.cpp">
      <Filter>Source Files</Filter>
    </ClCompile>
    <ClCompile Include="..\Source\micromanagement\RangedManager.cpp">
      <Filter>Source Files</Filter>
    </ClCompile>
    <ClCompile Include="..\Source\ReplayVisualizer.cpp">
      <Filter>Source Files</Filter>
    </ClCompile>
    <ClCompile Include="..\Source\ScoutManager.cpp">
      <Filter>Source Files</Filter>
    </ClCompile>
    <ClCompile Include="..\Source\Squad.cpp">
      <Filter>Source Files</Filter>
    </ClCompile>
    <ClCompile Include="..\Source\SquadData.cpp">
      <Filter>Source Files</Filter>
    </ClCompile>
    <ClCompile Include="..\Source\base\StarcraftBuildOrderSearchManager.cpp">
      <Filter>Source Files</Filter>
    </ClCompile>
    <ClCompile Include="..\Source\StrategyManager.cpp">
      <Filter>Source Files</Filter>
    </ClCompile>
    <ClCompile Include="ThreatManager.cpp">
      <Filter>Source Files</Filter>
    </ClCompile>
    <ClCompile Include="..\Source\micromanagement\TransportManager.cpp">
      <Filter>Source Files</Filter>
    </ClCompile>
    <ClCompile Include="..\Source\UnitCommandData.cpp">
      <Filter>Source Files</Filter>
    </ClCompile>
    <ClCompile Include="..\Source\UnitCommandManager.cpp">
      <Filter>Source Files</Filter>
    </ClCompile>
    <ClCompile Include="..\Source\UnitData.cpp">
      <Filter>Source Files</Filter>
    </ClCompile>
    <ClCompile Include="..\Source\Visualizer.cpp">
      <Filter>Source Files</Filter>
    </ClCompile>
    <ClCompile Include="..\Source\base\WorkerData.cpp">
      <Filter>Source Files</Filter>
    </ClCompile>
    <ClCompile Include="..\Source\base\WorkerManager.cpp">
      <Filter>Source Files</Filter>
    </ClCompile>
  </ItemGroup>
  <ItemGroup>
    <ClInclude Include="..\Source\base\BuildingData.h">
      <Filter>Header Files</Filter>
    </ClInclude>
    <ClInclude Include="..\Source\base\BuildingManager.h">
      <Filter>Header Files</Filter>
    </ClInclude>
    <ClInclude Include="..\Source\base\BuildingPlacer.h">
      <Filter>Header Files</Filter>
    </ClInclude>
    <ClInclude Include="..\Source\base\BuildLearner.h">
      <Filter>Header Files</Filter>
    </ClInclude>
    <ClInclude Include="..\Source\base\BuildOrderGoalManager.h">
      <Filter>Header Files</Filter>
    </ClInclude>
    <ClInclude Include="..\Source\base\BuildOrderQueue.h">
      <Filter>Header Files</Filter>
    </ClInclude>
    <ClInclude Include="COAManager.h">
      <Filter>Header Files</Filter>
    </ClInclude>
    <ClInclude Include="..\Source\CombatCommander.h">
      <Filter>Header Files</Filter>
    </ClInclude>
    <ClInclude Include="..\Source\CombatSimulation.h">
      <Filter>Header Files</Filter>
    </ClInclude>
    <ClInclude Include="..\Source\Common.h">
      <Filter>Header Files</Filter>
    </ClInclude>
    <ClInclude Include="..\Source\micromanagement\DetectorManager.h">
      <Filter>Header Files</Filter>
    </ClInclude>
    <ClInclude Include="..\Source\DistanceMap.hpp">
      <Filter>Header Files</Filter>
    </ClInclude>
    <ClInclude Include="..\Source\EnhancedInterface.hpp">
      <Filter>Header Files</Filter>
    </ClInclude>
    <ClInclude Include="..\Source\HardCodedInfo.h">
      <Filter>Header Files</Filter>
    </ClInclude>
    <ClInclude Include="..\Source\InformationManager.h">
      <Filter>Header Files</Filter>
    </ClInclude>
    <ClInclude Include="..\Source\IPBManager.h">
      <Filter>Header Files</Filter>
    </ClInclude>
    <ClInclude Include="..\Source\Logger.h">
      <Filter>Header Files</Filter>
    </ClInclude>
    <ClInclude Include="..\Source\MapGrid.h">
      <Filter>Header Files</Filter>
    </ClInclude>
    <ClInclude Include="..\Source\MapTools.h">
      <Filter>Header Files</Filter>
    </ClInclude>
    <ClInclude Include="..\Source\micromanagement\MeleeManager.h">
      <Filter>Header Files</Filter>
    </ClInclude>
    <ClInclude Include="..\Source\base\MetaType.h">
      <Filter>Header Files</Filter>
    </ClInclude>
    <ClInclude Include="..\Source\micromanagement\MicroManager.h">
      <Filter>Header Files</Filter>
    </ClInclude>
    <ClInclude Include="..\Source\MicroSearchManager.h">
      <Filter>Header Files</Filter>
    </ClInclude>
    <ClInclude Include="..\Source\micromanagement\MicroUtil.h">
      <Filter>Header Files</Filter>
    </ClInclude>
    <ClInclude Include="..\Source\NUSBotModule.h">
      <Filter>Header Files</Filter>
    </ClInclude>
    <ClInclude Include="..\Source\micromanagement\ObserverManager.h">
      <Filter>Header Files</Filter>
    </ClInclude>
    <ClInclude Include="..\Source\Options.h">
      <Filter>Header Files</Filter>
    </ClInclude>
    <ClInclude Include="..\Source\base\ProductionManager.h">
      <Filter>Header Files</Filter>
    </ClInclude>
    <ClInclude Include="..\Source\micromanagement\RangedManager.h">
      <Filter>Header Files</Filter>
    </ClInclude>
    <ClInclude Include="..\Source\ReplayVisualizer.h">
      <Filter>Header Files</Filter>
    </ClInclude>
    <ClInclude Include="..\Source\ScoutManager.h">
      <Filter>Header Files</Filter>
    </ClInclude>
    <ClInclude Include="..\Source\Squad.h">
      <Filter>Header Files</Filter>
    </ClInclude>
    <ClInclude Include="..\Source\SquadData.h">
      <Filter>Header Files</Filter>
    </ClInclude>
    <ClInclude Include="..\Source\SquadOrder.h">
      <Filter>Header Files</Filter>
    </ClInclude>
    <ClInclude Include="..\Source\base\StarcraftBuildOrderSearchManager.h">
      <Filter>Header Files</Filter>
    </ClInclude>
    <ClInclude Include="..\Source\base\StarcraftSearchData.h">
      <Filter>Header Files</Filter>
    </ClInclude>
    <ClInclude Include="..\Source\StrategyManager.h">
      <Filter>Header Files</Filter>
    </ClInclude>
    <ClInclude Include="ThreatManager.h">
      <Filter>Header Files</Filter>
    </ClInclude>
    <ClInclude Include="..\Source\micromanagement\TransportManager.h">
      <Filter>Header Files</Filter>
    </ClInclude>
    <ClInclude Include="..\Source\UnitCommandData.h">
      <Filter>Header Files</Filter>
    </ClInclude>
    <ClInclude Include="..\Source\UnitCommandManager.h">
      <Filter>Header Files</Filter>
    </ClInclude>
    <ClInclude Include="..\Source\UnitData.h">
      <Filter>Header Files</Filter>
    </ClInclude>
    <ClInclude Include="..\Source\Visualizer.h">
      <Filter>Header Files</Filter>
    </ClInclude>
    <ClInclude Include="..\Source\base\WorkerData.h">
      <Filter>Header Files</Filter>
    </ClInclude>
    <ClInclude Include="..\Source\base\WorkerManager.h">
      <Filter>Header Files</Filter>
    </ClInclude>
  </ItemGroup>
  <ItemGroup>
    <None Include="..\..\SparCraft\VisualStudio\SparCraft.v10.vcproj" />
  </ItemGroup>
</Project>