<?xml version="1.0" encoding="utf-8"?>
<Project ToolsVersion="4.0" xmlns="http://schemas.microsoft.com/developer/msbuild/2003">
  <ItemGroup>
    <Filter Include="Source Files">
      <UniqueIdentifier>{4FC737F1-C7A5-4376-A066-2A32D752A2FF}</UniqueIdentifier>
      <Extensions>cpp;c;cc;cxx;def;odl;idl;hpj;bat;asm;asmx</Extensions>
    </Filter>
    <Filter Include="Header Files">
      <UniqueIdentifier>{93995380-89BD-4b04-88EB-625FBE52EBFB}</UniqueIdentifier>
      <Extensions>h;hpp;hxx;hm;inl;inc;xsd</Extensions>
    </Filter>
    <Filter Include="Resource Files">
      <UniqueIdentifier>{67DA6AB6-F800-4c08-8B7A-83BB121AAD01}</UniqueIdentifier>
      <Extensions>rc;ico;cur;bmp;dlg;rc2;rct;bin;rgs;gif;jpg;jpeg;jpe;resx;tiff;tif;png;wav</Extensions>
    </Filter>
  </ItemGroup>
  <ItemGroup>
    <ClCompile Include="..\source\AllPlayers.cpp">
      <Filter>Source Files</Filter>
    </ClCompile>
    <ClCompile Include="..\source\AlphaBetaSearch.cpp">
      <Filter>Source Files</Filter>
    </ClCompile>
    <ClCompile Include="..\source\AnimationFrameData.cpp">
      <Filter>Source Files</Filter>
    </ClCompile>
    <ClCompile Include="..\source\Common.cpp">
      <Filter>Source Files</Filter>
    </ClCompile>
    <ClCompile Include="..\source\Display.cpp">
      <Filter>Source Files</Filter>
    </ClCompile>
    <ClCompile Include="..\source\EnumData.cpp">
      <Filter>Source Files</Filter>
    </ClCompile>
    <ClCompile Include="..\source\Game.cpp">
      <Filter>Source Files</Filter>
    </ClCompile>
    <ClCompile Include="..\source\GameState.cpp">
      <Filter>Source Files</Filter>
    </ClCompile>
    <ClCompile Include="..\source\glfont\glfont.cc">
      <Filter>Source Files</Filter>
    </ClCompile>
    <ClCompile Include="..\source\Hash.cpp">
      <Filter>Source Files</Filter>
    </ClCompile>
    <ClCompile Include="..\source\Logger.cpp">
      <Filter>Source Files</Filter>
    </ClCompile>
    <ClCompile Include="..\source\MoveArray.cpp">
      <Filter>Source Files</Filter>
    </ClCompile>
    <ClCompile Include="..\source\Player.cpp">
      <Filter>Source Files</Filter>
    </ClCompile>
    <ClCompile Include="..\source\Player_AlphaBeta.cpp">
      <Filter>Source Files</Filter>
    </ClCompile>
    <ClCompile Include="..\source\Player_AttackClosest.cpp">
      <Filter>Source Files</Filter>
    </ClCompile>
    <ClCompile Include="..\source\Player_AttackDPS.cpp">
      <Filter>Source Files</Filter>
    </ClCompile>
    <ClCompile Include="..\source\Player_AttackWeakest.cpp">
      <Filter>Source Files</Filter>
    </ClCompile>
    <ClCompile Include="..\source\Player_Cluster.cpp">
      <Filter>Source Files</Filter>
    </ClCompile>
    <ClCompile Include="..\source\Player_Kiter.cpp">
      <Filter>Source Files</Filter>
    </ClCompile>
    <ClCompile Include="..\source\Player_Kiter_NOKDPS.cpp">
      <Filter>Source Files</Filter>
    </ClCompile>
    <ClCompile Include="..\source\Player_KiterDPS.cpp">
      <Filter>Source Files</Filter>
    </ClCompile>
    <ClCompile Include="..\source\Player_NOKDPS.cpp">
      <Filter>Source Files</Filter>
    </ClCompile>
    <ClCompile Include="..\source\Player_PortfolioGreedySearch.cpp">
      <Filter>Source Files</Filter>
    </ClCompile>
    <ClCompile Include="..\source\Player_Random.cpp">
      <Filter>Source Files</Filter>
    </ClCompile>
    <ClCompile Include="..\source\Player_UCT.cpp">
      <Filter>Source Files</Filter>
    </ClCompile>
    <ClCompile Include="..\source\PlayerProperties.cpp">
      <Filter>Source Files</Filter>
    </ClCompile>
    <ClCompile Include="..\source\PortfolioGreedySearch.cpp">
      <Filter>Source Files</Filter>
    </ClCompile>
    <ClCompile Include="..\source\SparCraft.cpp">
      <Filter>Source Files</Filter>
    </ClCompile>
    <ClCompile Include="..\source\Timer.cpp">
      <Filter>Source Files</Filter>
    </ClCompile>
    <ClCompile Include="..\source\TranspositionTable.cpp">
      <Filter>Source Files</Filter>
    </ClCompile>
    <ClCompile Include="..\source\UCTSearch.cpp">
      <Filter>Source Files</Filter>
    </ClCompile>
    <ClCompile Include="..\source\Unit.cpp">
      <Filter>Source Files</Filter>
    </ClCompile>
    <ClCompile Include="..\source\UnitProperties.cpp">
      <Filter>Source Files</Filter>
    </ClCompile>
    <ClCompile Include="..\source\UnitScriptData.cpp">
      <Filter>Source Files</Filter>
    </ClCompile>
    <ClCompile Include="..\source\WeaponProperties.cpp">
      <Filter>Source Files</Filter>
    </ClCompile>
  </ItemGroup>
  <ItemGroup>
    <ClInclude Include="..\source\AllPlayers.h">
      <Filter>Header Files</Filter>
    </ClInclude>
    <ClInclude Include="..\source\AlphaBetaSearch.h">
      <Filter>Header Files</Filter>
    </ClInclude>
    <ClInclude Include="..\source\AlphaBetaSearchParameters.hpp">
      <Filter>Header Files</Filter>
    </ClInclude>
    <ClInclude Include="..\source\AlphaBetaSearchResults.hpp">
      <Filter>Header Files</Filter>
    </ClInclude>
    <ClInclude Include="..\source\AnimationFrameData.h">
      <Filter>Header Files</Filter>
    </ClInclude>
    <ClInclude Include="..\source\Array.hpp">
      <Filter>Header Files</Filter>
    </ClInclude>
    <ClInclude Include="..\source\BaseTypes.hpp">
      <Filter>Header Files</Filter>
    </ClInclude>
    <ClInclude Include="..\source\Common.h">
      <Filter>Header Files</Filter>
    </ClInclude>
    <ClInclude Include="..\source\Display.h">
      <Filter>Header Files</Filter>
    </ClInclude>
    <ClInclude Include="..\source\EnumData.h">
      <Filter>Header Files</Filter>
    </ClInclude>
    <ClInclude Include="..\source\Game.h">
      <Filter>Header Files</Filter>
    </ClInclude>
    <ClInclude Include="..\source\GameState.h">
      <Filter>Header Files</Filter>
    </ClInclude>
    <ClInclude Include="..\source\glfont\glfont.h">
      <Filter>Header Files</Filter>
    </ClInclude>
    <ClInclude Include="..\source\GraphViz.hpp">
      <Filter>Header Files</Filter>
    </ClInclude>
    <ClInclude Include="..\source\Hash.h">
      <Filter>Header Files</Filter>
    </ClInclude>
    <ClInclude Include="..\source\Logger.h">
      <Filter>Header Files</Filter>
    </ClInclude>
    <ClInclude Include="..\source\Map.hpp">
      <Filter>Header Files</Filter>
    </ClInclude>
    <ClInclude Include="..\source\MoveArray.h">
      <Filter>Header Files</Filter>
    </ClInclude>
    <ClInclude Include="..\source\Player.h">
      <Filter>Header Files</Filter>
    </ClInclude>
    <ClInclude Include="..\source\Player_AlphaBeta.h">
      <Filter>Header Files</Filter>
    </ClInclude>
    <ClInclude Include="..\source\Player_AttackClosest.h">
      <Filter>Header Files</Filter>
    </ClInclude>
    <ClInclude Include="..\source\Player_AttackDPS.h">
      <Filter>Header Files</Filter>
    </ClInclude>
    <ClInclude Include="..\source\Player_AttackWeakest.h">
      <Filter>Header Files</Filter>
    </ClInclude>
    <ClInclude Include="..\source\Player_Cluster.h">
      <Filter>Header Files</Filter>
    </ClInclude>
    <ClInclude Include="..\source\Player_Kiter.h">
      <Filter>Header Files</Filter>
    </ClInclude>
    <ClInclude Include="..\source\Player_Kiter_NOKDPS.h">
      <Filter>Header Files</Filter>
    </ClInclude>
    <ClInclude Include="..\source\Player_KiterDPS.h">
      <Filter>Header Files</Filter>
    </ClInclude>
    <ClInclude Include="..\source\Player_NOKDPS.h">
      <Filter>Header Files</Filter>
    </ClInclude>
    <ClInclude Include="..\source\Player_PortfolioGreedySearch.h">
      <Filter>Header Files</Filter>
    </ClInclude>
    <ClInclude Include="..\source\Player_Random.h">
      <Filter>Header Files</Filter>
    </ClInclude>
    <ClInclude Include="..\source\Player_UCT.h">
      <Filter>Header Files</Filter>
    </ClInclude>
    <ClInclude Include="..\source\PlayerProperties.h">
      <Filter>Header Files</Filter>
    </ClInclude>
    <ClInclude Include="..\source\PortfolioGreedySearch.h">
      <Filter>Header Files</Filter>
    </ClInclude>
    <ClInclude Include="..\source\Position.hpp">
      <Filter>Header Files</Filter>
    </ClInclude>
    <ClInclude Include="..\source\Random.hpp">
      <Filter>Header Files</Filter>
    </ClInclude>
    <ClInclude Include="..\source\SparCraft.h">
      <Filter>Header Files</Filter>
    </ClInclude>
    <ClInclude Include="..\source\Timer.h">
      <Filter>Header Files</Filter>
    </ClInclude>
    <ClInclude Include="..\source\TranspositionTable.h">
      <Filter>Header Files</Filter>
    </ClInclude>
    <ClInclude Include="..\source\UCTMemoryPool.hpp">
      <Filter>Header Files</Filter>
    </ClInclude>
    <ClInclude Include="..\source\UCTNode.h">
      <Filter>Header Files</Filter>
    </ClInclude>
    <ClInclude Include="..\source\UCTSearch.h">
      <Filter>Header Files</Filter>
    </ClInclude>
    <ClInclude Include="..\source\UCTSearchParameters.hpp">
      <Filter>Header Files</Filter>
    </ClInclude>
    <ClInclude Include="..\source\UCTSearchResults.hpp">
      <Filter>Header Files</Filter>
    </ClInclude>
    <ClInclude Include="..\source\Unit.h">
      <Filter>Header Files</Filter>
    </ClInclude>
    <ClInclude Include="..\source\UnitAction.hpp">
      <Filter>Header Files</Filter>
    </ClInclude>
    <ClInclude Include="..\source\UnitProperties.h">
      <Filter>Header Files</Filter>
    </ClInclude>
    <ClInclude Include="..\source\UnitScriptData.h">
      <Filter>Header Files</Filter>
    </ClInclude>
    <ClInclude Include="..\source\WeaponProperties.h">
      <Filter>Header Files</Filter>
    </ClInclude>
  </ItemGroup>
</Project>