
Microsoft Visual Studio Solution File, Format Version 10.00
# Visual C++ Express 2008
Project("{8BC9CEB8-8B4A-11D0-8D11-00A0C91BC942}") = "StarcraftBuildOrderSearch", "..\..\StarcraftBuildOrderSearch\VisualStudio\StarcraftBuildOrderSearch.vcxproj", "{9F8709E3-AC4F-45F2-8105-4A99D8E2A127}"
EndProject
Project("{8BC9CEB8-8B4A-11D0-8D11-00A0C91BC942}") = "SparCraft", "..\..\SparCraft\VisualStudio\SparCraft.vcxproj", "{66236439-5968-4756-B2E7-8A29BEA99078}"
EndProject
Project("{8BC9CEB8-8B4A-11D0-8D11-00A0C91BC942}") = "NUSBot", "NUSBot.vcxproj", "{6C685B5E-324A-4F3C-A53C-2A800E1C7EB9}"
EndProject
Global
	GlobalSection(SolutionConfigurationPlatforms) = preSolution
		Debug|Win32 = Debug|Win32
		Release|Win32 = Release|Win32
	EndGlobalSection
	GlobalSection(ProjectConfigurationPlatforms) = postSolution
		{9F8709E3-AC4F-45F2-8105-4A99D8E2A127}.Debug|Win32.ActiveCfg = Debug|Win32
		{9F8709E3-AC4F-45F2-8105-4A99D8E2A127}.Debug|Win32.Build.0 = Debug|Win32
		{9F8709E3-AC4F-45F2-8105-4A99D8E2A127}.Release|Win32.ActiveCfg = Release|Win32
		{9F8709E3-AC4F-45F2-8105-4A99D8E2A127}.Release|Win32.Build.0 = Release|Win32
		{66236439-5968-4756-B2E7-8A29BEA99078}.Debug|Win32.ActiveCfg = Debug|Win32
		{66236439-5968-4756-B2E7-8A29BEA99078}.Debug|Win32.Build.0 = Debug|Win32
		{66236439-5968-4756-B2E7-8A29BEA99078}.Release|Win32.ActiveCfg = Release|Win32
		{66236439-5968-4756-B2E7-8A29BEA99078}.Release|Win32.Build.0 = Release|Win32
		{6C685B5E-324A-4F3C-A53C-2A800E1C7EB9}.Debug|Win32.ActiveCfg = Debug|Win32
		{6C685B5E-324A-4F3C-A53C-2A800E1C7EB9}.Debug|Win32.Build.0 = Debug|Win32
		{6C685B5E-324A-4F3C-A53C-2A800E1C7EB9}.Release|Win32.ActiveCfg = Release|Win32
		{6C685B5E-324A-4F3C-A53C-2A800E1C7EB9}.Release|Win32.Build.0 = Release|Win32
	EndGlobalSection
	GlobalSection(SolutionProperties) = preSolution
		HideSolutionNode = FALSE
	EndGlobalSection
EndGlobal
